
Microsoft Visual Studio Solution File, Format Version 12.00
# Visual Studio Version 17
VisualStudioVersion = 17.7.34221.43
MinimumVisualStudioVersion = 10.0.40219.1
Project("{FAE04EC0-301F-11D3-BF4B-00C04F79EFBC}") = "Chechedi_Claudia_Lab2", "Chechedi_Claudia_Lab2.csproj", "{46B052DC-FE02-4656-880E-A5CA9E52B1CC}"
EndProject
Global
	GlobalSection(SolutionConfigurationPlatforms) = preSolution
		Debug|Any CPU = Debug|Any CPU
		Release|Any CPU = Release|Any CPU
	EndGlobalSection
	GlobalSection(ProjectConfigurationPlatforms) = postSolution
		{46B052DC-FE02-4656-880E-A5CA9E52B1CC}.Debug|Any CPU.ActiveCfg = Debug|Any CPU
		{46B052DC-FE02-4656-880E-A5CA9E52B1CC}.Debug|Any CPU.Build.0 = Debug|Any CPU
		{46B052DC-FE02-4656-880E-A5CA9E52B1CC}.Release|Any CPU.ActiveCfg = Release|Any CPU
		{46B052DC-FE02-4656-880E-A5CA9E52B1CC}.Release|Any CPU.Build.0 = Release|Any CPU
	EndGlobalSection
	GlobalSection(SolutionProperties) = preSolution
		HideSolutionNode = FALSE
	EndGlobalSection
	GlobalSection(ExtensibilityGlobals) = postSolution
		SolutionGuid = {447D2FDA-BDE3-4DFB-BA08-EF7365D2742F}
	EndGlobalSection
EndGlobal
